// !$*UTF8*$!
{
	archiveVersion = 1;
	classes = {
	};
	objectVersion = 55;
	objects = {

/* Begin PBXBuildFile section */
		5C8948BE145B9DAAD33E403A /* Pods_PhotosCollection.framework in Frameworks */ = {isa = PBXBuildFile; fileRef = 913578D33EC9F2CCA8D7EECE /* Pods_PhotosCollection.framework */; };
		863098B728195F8400EF8A0E /* CollectionViewCell.swift in Sources */ = {isa = PBXBuildFile; fileRef = 863098B628195F8400EF8A0E /* CollectionViewCell.swift */; };
		86BE4AAD281952BE00718AFB /* AppDelegate.swift in Sources */ = {isa = PBXBuildFile; fileRef = 86BE4AAC281952BE00718AFB /* AppDelegate.swift */; };
		86BE4AAF281952BE00718AFB /* SceneDelegate.swift in Sources */ = {isa = PBXBuildFile; fileRef = 86BE4AAE281952BE00718AFB /* SceneDelegate.swift */; };
		86BE4AB1281952BE00718AFB /* FirstViewController.swift in Sources */ = {isa = PBXBuildFile; fileRef = 86BE4AB0281952BE00718AFB /* FirstViewController.swift */; };
		86BE4AB6281952C000718AFB /* Assets.xcassets in Resources */ = {isa = PBXBuildFile; fileRef = 86BE4AB5281952C000718AFB /* Assets.xcassets */; };
		86BE4AB9281952C000718AFB /* LaunchScreen.storyboard in Resources */ = {isa = PBXBuildFile; fileRef = 86BE4AB7281952C000718AFB /* LaunchScreen.storyboard */; };
		86BE4AC22819565000718AFB /* Model.swift in Sources */ = {isa = PBXBuildFile; fileRef = 86BE4AC12819565000718AFB /* Model.swift */; };
		86BE4AC42819565800718AFB /* APICaller.swift in Sources */ = {isa = PBXBuildFile; fileRef = 86BE4AC32819565800718AFB /* APICaller.swift */; };
		86BE4AC928195BCD00718AFB /* CollectionViewTableViewCell.swift in Sources */ = {isa = PBXBuildFile; fileRef = 86BE4AC828195BCD00718AFB /* CollectionViewTableViewCell.swift */; };
		86BE4ACB28195C2D00718AFB /* HomeViewModel.swift in Sources */ = {isa = PBXBuildFile; fileRef = 86BE4ACA28195C2D00718AFB /* HomeViewModel.swift */; };
/* End PBXBuildFile section */

/* Begin PBXFileReference section */
		2B6E0475951918B39ADCABBD /* Pods-PhotosCollection.debug.xcconfig */ = {isa = PBXFileReference; includeInIndex = 1; lastKnownFileType = text.xcconfig; name = "Pods-PhotosCollection.debug.xcconfig"; path = "Target Support Files/Pods-PhotosCollection/Pods-PhotosCollection.debug.xcconfig"; sourceTree = "<group>"; };
		863098B628195F8400EF8A0E /* CollectionViewCell.swift */ = {isa = PBXFileReference; lastKnownFileType = sourcecode.swift; path = CollectionViewCell.swift; sourceTree = "<group>"; };
		86BE4AA9281952BE00718AFB /* PhotosCollection.app */ = {isa = PBXFileReference; explicitFileType = wrapper.application; includeInIndex = 0; path = PhotosCollection.app; sourceTree = BUILT_PRODUCTS_DIR; };
		86BE4AAC281952BE00718AFB /* AppDelegate.swift */ = {isa = PBXFileReference; lastKnownFileType = sourcecode.swift; path = AppDelegate.swift; sourceTree = "<group>"; };
		86BE4AAE281952BE00718AFB /* SceneDelegate.swift */ = {isa = PBXFileReference; lastKnownFileType = sourcecode.swift; path = SceneDelegate.swift; sourceTree = "<group>"; };
		86BE4AB0281952BE00718AFB /* FirstViewController.swift */ = {isa = PBXFileReference; lastKnownFileType = sourcecode.swift; path = FirstViewController.swift; sourceTree = "<group>"; };
		86BE4AB5281952C000718AFB /* Assets.xcassets */ = {isa = PBXFileReference; lastKnownFileType = folder.assetcatalog; path = Assets.xcassets; sourceTree = "<group>"; };
		86BE4AB8281952C000718AFB /* Base */ = {isa = PBXFileReference; lastKnownFileType = file.storyboard; name = Base; path = Base.lproj/LaunchScreen.storyboard; sourceTree = "<group>"; };
		86BE4ABA281952C000718AFB /* Info.plist */ = {isa = PBXFileReference; lastKnownFileType = text.plist.xml; path = Info.plist; sourceTree = "<group>"; };
		86BE4AC12819565000718AFB /* Model.swift */ = {isa = PBXFileReference; lastKnownFileType = sourcecode.swift; path = Model.swift; sourceTree = "<group>"; };
		86BE4AC32819565800718AFB /* APICaller.swift */ = {isa = PBXFileReference; lastKnownFileType = sourcecode.swift; path = APICaller.swift; sourceTree = "<group>"; };
		86BE4AC828195BCD00718AFB /* CollectionViewTableViewCell.swift */ = {isa = PBXFileReference; lastKnownFileType = sourcecode.swift; path = CollectionViewTableViewCell.swift; sourceTree = "<group>"; };
		86BE4ACA28195C2D00718AFB /* HomeViewModel.swift */ = {isa = PBXFileReference; lastKnownFileType = sourcecode.swift; path = HomeViewModel.swift; sourceTree = "<group>"; };
		913578D33EC9F2CCA8D7EECE /* Pods_PhotosCollection.framework */ = {isa = PBXFileReference; explicitFileType = wrapper.framework; includeInIndex = 0; path = Pods_PhotosCollection.framework; sourceTree = BUILT_PRODUCTS_DIR; };
		E234BE1B5A6FC7665FE3216E /* Pods-PhotosCollection.release.xcconfig */ = {isa = PBXFileReference; includeInIndex = 1; lastKnownFileType = text.xcconfig; name = "Pods-PhotosCollection.release.xcconfig"; path = "Target Support Files/Pods-PhotosCollection/Pods-PhotosCollection.release.xcconfig"; sourceTree = "<group>"; };
/* End PBXFileReference section */

/* Begin PBXFrameworksBuildPhase section */
		86BE4AA6281952BE00718AFB /* Frameworks */ = {
			isa = PBXFrameworksBuildPhase;
			buildActionMask = 2147483647;
			files = (
				5C8948BE145B9DAAD33E403A /* Pods_PhotosCollection.framework in Frameworks */,
			);
			runOnlyForDeploymentPostprocessing = 0;
		};
/* End PBXFrameworksBuildPhase section */

/* Begin PBXGroup section */
		81F8132C812914B90951E38D /* Pods */ = {
			isa = PBXGroup;
			children = (
				2B6E0475951918B39ADCABBD /* Pods-PhotosCollection.debug.xcconfig */,
				E234BE1B5A6FC7665FE3216E /* Pods-PhotosCollection.release.xcconfig */,
			);
			path = Pods;
			sourceTree = "<group>";
		};
		86BE4AA0281952BE00718AFB = {
			isa = PBXGroup;
			children = (
				86BE4AAB281952BE00718AFB /* PhotosCollection */,
				86BE4AAA281952BE00718AFB /* Products */,
				81F8132C812914B90951E38D /* Pods */,
				CEF72B869DE836961E86CBCE /* Frameworks */,
			);
			sourceTree = "<group>";
		};
		86BE4AAA281952BE00718AFB /* Products */ = {
			isa = PBXGroup;
			children = (
				86BE4AA9281952BE00718AFB /* PhotosCollection.app */,
			);
			name = Products;
			sourceTree = "<group>";
		};
		86BE4AAB281952BE00718AFB /* PhotosCollection */ = {
			isa = PBXGroup;
			children = (
				86BE4AC728195BA200718AFB /* Views */,
				86BE4AC628195A5900718AFB /* Controllers */,
				86BE4AC02819564800718AFB /* Manager */,
				86BE4AC528195A4D00718AFB /* Support */,
				86BE4ABA281952C000718AFB /* Info.plist */,
				86BE4ACA28195C2D00718AFB /* HomeViewModel.swift */,
			);
			path = PhotosCollection;
			sourceTree = "<group>";
		};
		86BE4AC02819564800718AFB /* Manager */ = {
			isa = PBXGroup;
			children = (
				86BE4AC12819565000718AFB /* Model.swift */,
				86BE4AC32819565800718AFB /* APICaller.swift */,
			);
			path = Manager;
			sourceTree = "<group>";
		};
		86BE4AC528195A4D00718AFB /* Support */ = {
			isa = PBXGroup;
			children = (
				86BE4AAC281952BE00718AFB /* AppDelegate.swift */,
				86BE4AAE281952BE00718AFB /* SceneDelegate.swift */,
				86BE4AB5281952C000718AFB /* Assets.xcassets */,
				86BE4AB7281952C000718AFB /* LaunchScreen.storyboard */,
			);
			path = Support;
			sourceTree = "<group>";
		};
		86BE4AC628195A5900718AFB /* Controllers */ = {
			isa = PBXGroup;
			children = (
				86BE4AB0281952BE00718AFB /* FirstViewController.swift */,
			);
			path = Controllers;
			sourceTree = "<group>";
		};
		86BE4AC728195BA200718AFB /* Views */ = {
			isa = PBXGroup;
			children = (
				86BE4AC828195BCD00718AFB /* CollectionViewTableViewCell.swift */,
				863098B628195F8400EF8A0E /* CollectionViewCell.swift */,
			);
			path = Views;
			sourceTree = "<group>";
		};
		CEF72B869DE836961E86CBCE /* Frameworks */ = {
			isa = PBXGroup;
			children = (
				913578D33EC9F2CCA8D7EECE /* Pods_PhotosCollection.framework */,
			);
			name = Frameworks;
			sourceTree = "<group>";
		};
/* End PBXGroup section */

/* Begin PBXNativeTarget section */
		86BE4AA8281952BE00718AFB /* PhotosCollection */ = {
			isa = PBXNativeTarget;
			buildConfigurationList = 86BE4ABD281952C000718AFB /* Build configuration list for PBXNativeTarget "PhotosCollection" */;
			buildPhases = (
				E88685B94CDA7759AAFB2FE4 /* [CP] Check Pods Manifest.lock */,
				86BE4AA5281952BE00718AFB /* Sources */,
				86BE4AA6281952BE00718AFB /* Frameworks */,
				86BE4AA7281952BE00718AFB /* Resources */,
				A1E01603274D4CC123BEDCFD /* [CP] Embed Pods Frameworks */,
			);
			buildRules = (
			);
			dependencies = (
			);
			name = PhotosCollection;
			productName = PhotosCollection;
			productReference = 86BE4AA9281952BE00718AFB /* PhotosCollection.app */;
			productType = "com.apple.product-type.application";
		};
/* End PBXNativeTarget section */

/* Begin PBXProject section */
		86BE4AA1281952BE00718AFB /* Project object */ = {
			isa = PBXProject;
			attributes = {
				BuildIndependentTargetsInParallel = 1;
				LastSwiftUpdateCheck = 1330;
				LastUpgradeCheck = 1330;
				TargetAttributes = {
					86BE4AA8281952BE00718AFB = {
						CreatedOnToolsVersion = 13.3;
					};
				};
			};
			buildConfigurationList = 86BE4AA4281952BE00718AFB /* Build configuration list for PBXProject "PhotosCollection" */;
			compatibilityVersion = "Xcode 13.0";
			developmentRegion = en;
			hasScannedForEncodings = 0;
			knownRegions = (
				en,
				Base,
			);
			mainGroup = 86BE4AA0281952BE00718AFB;
			productRefGroup = 86BE4AAA281952BE00718AFB /* Products */;
			projectDirPath = "";
			projectRoot = "";
			targets = (
				86BE4AA8281952BE00718AFB /* PhotosCollection */,
			);
		};
/* End PBXProject section */

/* Begin PBXResourcesBuildPhase section */
		86BE4AA7281952BE00718AFB /* Resources */ = {
			isa = PBXResourcesBuildPhase;
			buildActionMask = 2147483647;
			files = (
				86BE4AB9281952C000718AFB /* LaunchScreen.storyboard in Resources */,
				86BE4AB6281952C000718AFB /* Assets.xcassets in Resources */,
			);
			runOnlyForDeploymentPostprocessing = 0;
		};
/* End PBXResourcesBuildPhase section */

/* Begin PBXShellScriptBuildPhase section */
		A1E01603274D4CC123BEDCFD /* [CP] Embed Pods Frameworks */ = {
			isa = PBXShellScriptBuildPhase;
			buildActionMask = 2147483647;
			files = (
			);
			inputFileListPaths = (
				"${PODS_ROOT}/Target Support Files/Pods-PhotosCollection/Pods-PhotosCollection-frameworks-${CONFIGURATION}-input-files.xcfilelist",
			);
			name = "[CP] Embed Pods Frameworks";
			outputFileListPaths = (
				"${PODS_ROOT}/Target Support Files/Pods-PhotosCollection/Pods-PhotosCollection-frameworks-${CONFIGURATION}-output-files.xcfilelist",
			);
			runOnlyForDeploymentPostprocessing = 0;
			shellPath = /bin/sh;
			shellScript = "\"${PODS_ROOT}/Target Support Files/Pods-PhotosCollection/Pods-PhotosCollection-frameworks.sh\"\n";
			showEnvVarsInLog = 0;
		};
		E88685B94CDA7759AAFB2FE4 /* [CP] Check Pods Manifest.lock */ = {
			isa = PBXShellScriptBuildPhase;
			buildActionMask = 2147483647;
			files = (
			);
			inputFileListPaths = (
			);
			inputPaths = (
				"${PODS_PODFILE_DIR_PATH}/Podfile.lock",
				"${PODS_ROOT}/Manifest.lock",
			);
			name = "[CP] Check Pods Manifest.lock";
			outputFileListPaths = (
			);
			outputPaths = (
				"$(DERIVED_FILE_DIR)/Pods-PhotosCollection-checkManifestLockResult.txt",
			);
			runOnlyForDeploymentPostprocessing = 0;
			shellPath = /bin/sh;
			shellScript = "diff \"${PODS_PODFILE_DIR_PATH}/Podfile.lock\" \"${PODS_ROOT}/Manifest.lock\" > /dev/null\nif [ $? != 0 ] ; then\n    # print error to STDERR\n    echo \"error: The sandbox is not in sync with the Podfile.lock. Run 'pod install' or update your CocoaPods installation.\" >&2\n    exit 1\nfi\n# This output is used by Xcode 'outputs' to avoid re-running this script phase.\necho \"SUCCESS\" > \"${SCRIPT_OUTPUT_FILE_0}\"\n";
			showEnvVarsInLog = 0;
		};
/* End PBXShellScriptBuildPhase section */

/* Begin PBXSourcesBuildPhase section */
		86BE4AA5281952BE00718AFB /* Sources */ = {
			isa = PBXSourcesBuildPhase;
			buildActionMask = 2147483647;
			files = (
				86BE4AB1281952BE00718AFB /* FirstViewController.swift in Sources */,
				86BE4AAD281952BE00718AFB /* AppDelegate.swift in Sources */,
				863098B728195F8400EF8A0E /* CollectionViewCell.swift in Sources */,
				86BE4AC928195BCD00718AFB /* CollectionViewTableViewCell.swift in Sources */,
				86BE4AAF281952BE00718AFB /* SceneDelegate.swift in Sources */,
				86BE4AC42819565800718AFB /* APICaller.swift in Sources */,
				86BE4AC22819565000718AFB /* Model.swift in Sources */,
				86BE4ACB28195C2D00718AFB /* HomeViewModel.swift in Sources */,
			);
			runOnlyForDeploymentPostprocessing = 0;
		};
/* End PBXSourcesBuildPhase section */

/* Begin PBXVariantGroup section */
		86BE4AB7281952C000718AFB /* LaunchScreen.storyboard */ = {
			isa = PBXVariantGroup;
			children = (
				86BE4AB8281952C000718AFB /* Base */,
			);
			name = LaunchScreen.storyboard;
			sourceTree = "<group>";
		};
/* End PBXVariantGroup section */

/* Begin XCBuildConfiguration section */
		86BE4ABB281952C000718AFB /* Debug */ = {
			isa = XCBuildConfiguration;
			buildSettings = {
				ALWAYS_SEARCH_USER_PATHS = NO;
				CLANG_ANALYZER_NONNULL = YES;
				CLANG_ANALYZER_NUMBER_OBJECT_CONVERSION = YES_AGGRESSIVE;
				CLANG_CXX_LANGUAGE_STANDARD = "gnu++17";
				CLANG_ENABLE_MODULES = YES;
				CLANG_ENABLE_OBJC_ARC = YES;
				CLANG_ENABLE_OBJC_WEAK = YES;
				CLANG_WARN_BLOCK_CAPTURE_AUTORELEASING = YES;
				CLANG_WARN_BOOL_CONVERSION = YES;
				CLANG_WARN_COMMA = YES;
				CLANG_WARN_CONSTANT_CONVERSION = YES;
				CLANG_WARN_DEPRECATED_OBJC_IMPLEMENTATIONS = YES;
				CLANG_WARN_DIRECT_OBJC_ISA_USAGE = YES_ERROR;
				CLANG_WARN_DOCUMENTATION_COMMENTS = YES;
				CLANG_WARN_EMPTY_BODY = YES;
				CLANG_WARN_ENUM_CONVERSION = YES;
				CLANG_WARN_INFINITE_RECURSION = YES;
				CLANG_WARN_INT_CONVERSION = YES;
				CLANG_WARN_NON_LITERAL_NULL_CONVERSION = YES;
				CLANG_WARN_OBJC_IMPLICIT_RETAIN_SELF = YES;
				CLANG_WARN_OBJC_LITERAL_CONVERSION = YES;
				CLANG_WARN_OBJC_ROOT_CLASS = YES_ERROR;
				CLANG_WARN_QUOTED_INCLUDE_IN_FRAMEWORK_HEADER = YES;
				CLANG_WARN_RANGE_LOOP_ANALYSIS = YES;
				CLANG_WARN_STRICT_PROTOTYPES = YES;
				CLANG_WARN_SUSPICIOUS_MOVE = YES;
				CLANG_WARN_UNGUARDED_AVAILABILITY = YES_AGGRESSIVE;
				CLANG_WARN_UNREACHABLE_CODE = YES;
				CLANG_WARN__DUPLICATE_METHOD_MATCH = YES;
				COPY_PHASE_STRIP = NO;
				DEBUG_INFORMATION_FORMAT = dwarf;
				ENABLE_STRICT_OBJC_MSGSEND = YES;
				ENABLE_TESTABILITY = YES;
				GCC_C_LANGUAGE_STANDARD = gnu11;
				GCC_DYNAMIC_NO_PIC = NO;
				GCC_NO_COMMON_BLOCKS = YES;
				GCC_OPTIMIZATION_LEVEL = 0;
				GCC_PREPROCESSOR_DEFINITIONS = (
					"DEBUG=1",
					"$(inherited)",
				);
				GCC_WARN_64_TO_32_BIT_CONVERSION = YES;
				GCC_WARN_ABOUT_RETURN_TYPE = YES_ERROR;
				GCC_WARN_UNDECLARED_SELECTOR = YES;
				GCC_WARN_UNINITIALIZED_AUTOS = YES_AGGRESSIVE;
				GCC_WARN_UNUSED_FUNCTION = YES;
				GCC_WARN_UNUSED_VARIABLE = YES;
				IPHONEOS_DEPLOYMENT_TARGET = 15.4;
				MTL_ENABLE_DEBUG_INFO = INCLUDE_SOURCE;
				MTL_FAST_MATH = YES;
				ONLY_ACTIVE_ARCH = YES;
				SDKROOT = iphoneos;
				SWIFT_ACTIVE_COMPILATION_CONDITIONS = DEBUG;
				SWIFT_OPTIMIZATION_LEVEL = "-Onone";
			};
			name = Debug;
		};
		86BE4ABC281952C000718AFB /* Release */ = {
			isa = XCBuildConfiguration;
			buildSettings = {
				ALWAYS_SEARCH_USER_PATHS = NO;
				CLANG_ANALYZER_NONNULL = YES;
				CLANG_ANALYZER_NUMBER_OBJECT_CONVERSION = YES_AGGRESSIVE;
				CLANG_CXX_LANGUAGE_STANDARD = "gnu++17";
				CLANG_ENABLE_MODULES = YES;
				CLANG_ENABLE_OBJC_ARC = YES;
				CLANG_ENABLE_OBJC_WEAK = YES;
				CLANG_WARN_BLOCK_CAPTURE_AUTORELEASING = YES;
				CLANG_WARN_BOOL_CONVERSION = YES;
				CLANG_WARN_COMMA = YES;
				CLANG_WARN_CONSTANT_CONVERSION = YES;
				CLANG_WARN_DEPRECATED_OBJC_IMPLEMENTATIONS = YES;
				CLANG_WARN_DIRECT_OBJC_ISA_USAGE = YES_ERROR;
				CLANG_WARN_DOCUMENTATION_COMMENTS = YES;
				CLANG_WARN_EMPTY_BODY = YES;
				CLANG_WARN_ENUM_CONVERSION = YES;
				CLANG_WARN_INFINITE_RECURSION = YES;
				CLANG_WARN_INT_CONVERSION = YES;
				CLANG_WARN_NON_LITERAL_NULL_CONVERSION = YES;
				CLANG_WARN_OBJC_IMPLICIT_RETAIN_SELF = YES;
				CLANG_WARN_OBJC_LITERAL_CONVERSION = YES;
				CLANG_WARN_OBJC_ROOT_CLASS = YES_ERROR;
				CLANG_WARN_QUOTED_INCLUDE_IN_FRAMEWORK_HEADER = YES;
				CLANG_WARN_RANGE_LOOP_ANALYSIS = YES;
				CLANG_WARN_STRICT_PROTOTYPES = YES;
				CLANG_WARN_SUSPICIOUS_MOVE = YES;
				CLANG_WARN_UNGUARDED_AVAILABILITY = YES_AGGRESSIVE;
				CLANG_WARN_UNREACHABLE_CODE = YES;
				CLANG_WARN__DUPLICATE_METHOD_MATCH = YES;
				COPY_PHASE_STRIP = NO;
				DEBUG_INFORMATION_FORMAT = "dwarf-with-dsym";
				ENABLE_NS_ASSERTIONS = NO;
				ENABLE_STRICT_OBJC_MSGSEND = YES;
				GCC_C_LANGUAGE_STANDARD = gnu11;
				GCC_NO_COMMON_BLOCKS = YES;
				GCC_WARN_64_TO_32_BIT_CONVERSION = YES;
				GCC_WARN_ABOUT_RETURN_TYPE = YES_ERROR;
				GCC_WARN_UNDECLARED_SELECTOR = YES;
				GCC_WARN_UNINITIALIZED_AUTOS = YES_AGGRESSIVE;
				GCC_WARN_UNUSED_FUNCTION = YES;
				GCC_WARN_UNUSED_VARIABLE = YES;
				IPHONEOS_DEPLOYMENT_TARGET = 15.4;
				MTL_ENABLE_DEBUG_INFO = NO;
				MTL_FAST_MATH = YES;
				SDKROOT = iphoneos;
				SWIFT_COMPILATION_MODE = wholemodule;
				SWIFT_OPTIMIZATION_LEVEL = "-O";
				VALIDATE_PRODUCT = YES;
			};
			name = Release;
		};
		86BE4ABE281952C000718AFB /* Debug */ = {
			isa = XCBuildConfiguration;
			baseConfigurationReference = 2B6E0475951918B39ADCABBD /* Pods-PhotosCollection.debug.xcconfig */;
			buildSettings = {
				ASSETCATALOG_COMPILER_APPICON_NAME = AppIcon;
				ASSETCATALOG_COMPILER_GLOBAL_ACCENT_COLOR_NAME = AccentColor;
				CODE_SIGN_STYLE = Automatic;
				CURRENT_PROJECT_VERSION = 1;
				DEVELOPMENT_TEAM = HSY5R94H24;
				GENERATE_INFOPLIST_FILE = YES;
				INFOPLIST_FILE = PhotosCollection/Info.plist;
				INFOPLIST_KEY_UIApplicationSupportsIndirectInputEvents = YES;
				INFOPLIST_KEY_UILaunchStoryboardName = LaunchScreen;
				INFOPLIST_KEY_UISupportedInterfaceOrientations_iPad = "UIInterfaceOrientationPortrait UIInterfaceOrientationPortraitUpsideDown UIInterfaceOrientationLandscapeLeft UIInterfaceOrientationLandscapeRight";
				INFOPLIST_KEY_UISupportedInterfaceOrientations_iPhone = "UIInterfaceOrientationPortrait UIInterfaceOrientationLandscapeLeft UIInterfaceOrientationLandscapeRight";
				LD_RUNPATH_SEARCH_PATHS = (
					"$(inherited)",
					"@executable_path/Frameworks",
				);
				MARKETING_VERSION = 1.0;
				PRODUCT_BUNDLE_IDENTIFIER = "Nodirbek-s.PhotosCollection";
				PRODUCT_NAME = "$(TARGET_NAME)";
				SWIFT_EMIT_LOC_STRINGS = YES;
				SWIFT_VERSION = 5.0;
				TARGETED_DEVICE_FAMILY = "1,2";
			};
			name = Debug;
		};
		86BE4ABF281952C000718AFB /* Release */ = {
			isa = XCBuildConfiguration;
			baseConfigurationReference = E234BE1B5A6FC7665FE3216E /* Pods-PhotosCollection.release.xcconfig */;
			buildSettings = {
				ASSETCATALOG_COMPILER_APPICON_NAME = AppIcon;
				ASSETCATALOG_COMPILER_GLOBAL_ACCENT_COLOR_NAME = AccentColor;
				CODE_SIGN_STYLE = Automatic;
				CURRENT_PROJECT_VERSION = 1;
				DEVELOPMENT_TEAM = HSY5R94H24;
				GENERATE_INFOPLIST_FILE = YES;
				INFOPLIST_FILE = PhotosCollection/Info.plist;
				INFOPLIST_KEY_UIApplicationSupportsIndirectInputEvents = YES;
				INFOPLIST_KEY_UILaunchStoryboardName = LaunchScreen;
				INFOPLIST_KEY_UISupportedInterfaceOrientations_iPad = "UIInterfaceOrientationPortrait UIInterfaceOrientationPortraitUpsideDown UIInterfaceOrientationLandscapeLeft UIInterfaceOrientationLandscapeRight";
				INFOPLIST_KEY_UISupportedInterfaceOrientations_iPhone = "UIInterfaceOrientationPortrait UIInterfaceOrientationLandscapeLeft UIInterfaceOrientationLandscapeRight";
				LD_RUNPATH_SEARCH_PATHS = (
					"$(inherited)",
					"@executable_path/Frameworks",
				);
				MARKETING_VERSION = 1.0;
				PRODUCT_BUNDLE_IDENTIFIER = "Nodirbek-s.PhotosCollection";
				PRODUCT_NAME = "$(TARGET_NAME)";
				SWIFT_EMIT_LOC_STRINGS = YES;
				SWIFT_VERSION = 5.0;
				TARGETED_DEVICE_FAMILY = "1,2";
			};
			name = Release;
		};
/* End XCBuildConfiguration section */

/* Begin XCConfigurationList section */
		86BE4AA4281952BE00718AFB /* Build configuration list for PBXProject "PhotosCollection" */ = {
			isa = XCConfigurationList;
			buildConfigurations = (
				86BE4ABB281952C000718AFB /* Debug */,
				86BE4ABC281952C000718AFB /* Release */,
			);
			defaultConfigurationIsVisible = 0;
			defaultConfigurationName = Release;
		};
		86BE4ABD281952C000718AFB /* Build configuration list for PBXNativeTarget "PhotosCollection" */ = {
			isa = XCConfigurationList;
			buildConfigurations = (
				86BE4ABE281952C000718AFB /* Debug */,
				86BE4ABF281952C000718AFB /* Release */,
			);
			defaultConfigurationIsVisible = 0;
			defaultConfigurationName = Release;
		};
/* End XCConfigurationList section */
	};
	rootObject = 86BE4AA1281952BE00718AFB /* Project object */;
}
